
Microsoft Visual Studio Solution File, Format Version 12.00
# Visual Studio Version 17
VisualStudioVersion = 17.4.33110.190
MinimumVisualStudioVersion = 10.0.40219.1
Project("{9A19103F-16F7-4668-BE54-9A1E7A4F7556}") = "Day01", "Day01\Day01.csproj", "{10346AD1-24F1-4C8D-A862-520274E9DAED}"
EndProject
Project("{9A19103F-16F7-4668-BE54-9A1E7A4F7556}") = "Day02", "Day02\Day02.csproj", "{BB61ABD2-AF0E-437C-94D0-E1388AB2D8B6}"
EndProject
Project("{9A19103F-16F7-4668-BE54-9A1E7A4F7556}") = "Utilities", "Utilities\Utilities.csproj", "{D139FEC3-C359-4422-8179-EC6448D67304}"
EndProject
Project("{9A19103F-16F7-4668-BE54-9A1E7A4F7556}") = "Day03", "Day03\Day03.csproj", "{EB422E75-68D2-4733-B72F-4BCED1DC1032}"
EndProject
Project("{9A19103F-16F7-4668-BE54-9A1E7A4F7556}") = "Day05", "Day05\Day05.csproj", "{9795D2B9-0F87-46B2-BB99-D86A0FB73EAB}"
EndProject
Project("{9A19103F-16F7-4668-BE54-9A1E7A4F7556}") = "Day04", "Day04\Day04.csproj", "{7D246DC8-7280-4714-8BEC-026C8ADAD5DC}"
EndProject
Project("{FAE04EC0-301F-11D3-BF4B-00C04F79EFBC}") = "Day06", "Day06\Day06.csproj", "{44F3F0FB-92FE-4E25-A258-FB6FB0EA0C7D}"
EndProject
Global
	GlobalSection(SolutionConfigurationPlatforms) = preSolution
		Debug|Any CPU = Debug|Any CPU
		Release|Any CPU = Release|Any CPU
	EndGlobalSection
	GlobalSection(ProjectConfigurationPlatforms) = postSolution
		{10346AD1-24F1-4C8D-A862-520274E9DAED}.Debug|Any CPU.ActiveCfg = Debug|Any CPU
		{10346AD1-24F1-4C8D-A862-520274E9DAED}.Debug|Any CPU.Build.0 = Debug|Any CPU
		{10346AD1-24F1-4C8D-A862-520274E9DAED}.Release|Any CPU.ActiveCfg = Release|Any CPU
		{10346AD1-24F1-4C8D-A862-520274E9DAED}.Release|Any CPU.Build.0 = Release|Any CPU
		{BB61ABD2-AF0E-437C-94D0-E1388AB2D8B6}.Debug|Any CPU.ActiveCfg = Debug|Any CPU
		{BB61ABD2-AF0E-437C-94D0-E1388AB2D8B6}.Debug|Any CPU.Build.0 = Debug|Any CPU
		{BB61ABD2-AF0E-437C-94D0-E1388AB2D8B6}.Release|Any CPU.ActiveCfg = Release|Any CPU
		{BB61ABD2-AF0E-437C-94D0-E1388AB2D8B6}.Release|Any CPU.Build.0 = Release|Any CPU
		{D139FEC3-C359-4422-8179-EC6448D67304}.Debug|Any CPU.ActiveCfg = Debug|Any CPU
		{D139FEC3-C359-4422-8179-EC6448D67304}.Debug|Any CPU.Build.0 = Debug|Any CPU
		{D139FEC3-C359-4422-8179-EC6448D67304}.Release|Any CPU.ActiveCfg = Release|Any CPU
		{D139FEC3-C359-4422-8179-EC6448D67304}.Release|Any CPU.Build.0 = Release|Any CPU
		{EB422E75-68D2-4733-B72F-4BCED1DC1032}.Debug|Any CPU.ActiveCfg = Debug|Any CPU
		{EB422E75-68D2-4733-B72F-4BCED1DC1032}.Debug|Any CPU.Build.0 = Debug|Any CPU
		{EB422E75-68D2-4733-B72F-4BCED1DC1032}.Release|Any CPU.ActiveCfg = Release|Any CPU
		{EB422E75-68D2-4733-B72F-4BCED1DC1032}.Release|Any CPU.Build.0 = Release|Any CPU
		{9795D2B9-0F87-46B2-BB99-D86A0FB73EAB}.Debug|Any CPU.ActiveCfg = Debug|Any CPU
		{9795D2B9-0F87-46B2-BB99-D86A0FB73EAB}.Debug|Any CPU.Build.0 = Debug|Any CPU
		{9795D2B9-0F87-46B2-BB99-D86A0FB73EAB}.Release|Any CPU.ActiveCfg = Release|Any CPU
		{9795D2B9-0F87-46B2-BB99-D86A0FB73EAB}.Release|Any CPU.Build.0 = Release|Any CPU
		{7D246DC8-7280-4714-8BEC-026C8ADAD5DC}.Debug|Any CPU.ActiveCfg = Debug|Any CPU
		{7D246DC8-7280-4714-8BEC-026C8ADAD5DC}.Debug|Any CPU.Build.0 = Debug|Any CPU
		{7D246DC8-7280-4714-8BEC-026C8ADAD5DC}.Release|Any CPU.ActiveCfg = Release|Any CPU
		{7D246DC8-7280-4714-8BEC-026C8ADAD5DC}.Release|Any CPU.Build.0 = Release|Any CPU
		{44F3F0FB-92FE-4E25-A258-FB6FB0EA0C7D}.Debug|Any CPU.ActiveCfg = Debug|Any CPU
		{44F3F0FB-92FE-4E25-A258-FB6FB0EA0C7D}.Debug|Any CPU.Build.0 = Debug|Any CPU
		{44F3F0FB-92FE-4E25-A258-FB6FB0EA0C7D}.Release|Any CPU.ActiveCfg = Release|Any CPU
		{44F3F0FB-92FE-4E25-A258-FB6FB0EA0C7D}.Release|Any CPU.Build.0 = Release|Any CPU
	EndGlobalSection
	GlobalSection(SolutionProperties) = preSolution
		HideSolutionNode = FALSE
	EndGlobalSection
	GlobalSection(ExtensibilityGlobals) = postSolution
		SolutionGuid = {C09BDF22-ADE6-4247-9ABC-B2EBF3B60E08}
	EndGlobalSection
EndGlobal
