
Microsoft Visual Studio Solution File, Format Version 12.00
# Visual Studio Version 17
VisualStudioVersion = 17.4.33110.190
MinimumVisualStudioVersion = 10.0.40219.1
Project("{9A19103F-16F7-4668-BE54-9A1E7A4F7556}") = "Day01", "Day01\Day01.csproj", "{10346AD1-24F1-4C8D-A862-520274E9DAED}"
EndProject
Project("{FAE04EC0-301F-11D3-BF4B-00C04F79EFBC}") = "Day02", "Day02\Day02.csproj", "{BB61ABD2-AF0E-437C-94D0-E1388AB2D8B6}"
EndProject
Project("{FAE04EC0-301F-11D3-BF4B-00C04F79EFBC}") = "Utilities", "Utilities\Utilities.csproj", "{D139FEC3-C359-4422-8179-EC6448D67304}"
EndProject
Global
	GlobalSection(SolutionConfigurationPlatforms) = preSolution
		Debug|Any CPU = Debug|Any CPU
		Release|Any CPU = Release|Any CPU
	EndGlobalSection
	GlobalSection(ProjectConfigurationPlatforms) = postSolution
		{10346AD1-24F1-4C8D-A862-520274E9DAED}.Debug|Any CPU.ActiveCfg = Debug|Any CPU
		{10346AD1-24F1-4C8D-A862-520274E9DAED}.Debug|Any CPU.Build.0 = Debug|Any CPU
		{10346AD1-24F1-4C8D-A862-520274E9DAED}.Release|Any CPU.ActiveCfg = Release|Any CPU
		{10346AD1-24F1-4C8D-A862-520274E9DAED}.Release|Any CPU.Build.0 = Release|Any CPU
		{BB61ABD2-AF0E-437C-94D0-E1388AB2D8B6}.Debug|Any CPU.ActiveCfg = Debug|Any CPU
		{BB61ABD2-AF0E-437C-94D0-E1388AB2D8B6}.Debug|Any CPU.Build.0 = Debug|Any CPU
		{BB61ABD2-AF0E-437C-94D0-E1388AB2D8B6}.Release|Any CPU.ActiveCfg = Release|Any CPU
		{BB61ABD2-AF0E-437C-94D0-E1388AB2D8B6}.Release|Any CPU.Build.0 = Release|Any CPU
		{D139FEC3-C359-4422-8179-EC6448D67304}.Debug|Any CPU.ActiveCfg = Debug|Any CPU
		{D139FEC3-C359-4422-8179-EC6448D67304}.Debug|Any CPU.Build.0 = Debug|Any CPU
		{D139FEC3-C359-4422-8179-EC6448D67304}.Release|Any CPU.ActiveCfg = Release|Any CPU
		{D139FEC3-C359-4422-8179-EC6448D67304}.Release|Any CPU.Build.0 = Release|Any CPU
	EndGlobalSection
	GlobalSection(SolutionProperties) = preSolution
		HideSolutionNode = FALSE
	EndGlobalSection
	GlobalSection(ExtensibilityGlobals) = postSolution
		SolutionGuid = {C09BDF22-ADE6-4247-9ABC-B2EBF3B60E08}
	EndGlobalSection
EndGlobal
